
Microsoft Visual Studio Solution File, Format Version 12.00
# Visual Studio Version 17
VisualStudioVersion = 17.0.32112.339
MinimumVisualStudioVersion = 10.0.40219.1
Project("{8BC9CEB8-8B4A-11D0-8D11-00A0C91BC942}") = "Sandbox", "Sandbox\Sandbox.vcxproj", "{BC59E232-5F5F-4363-87BA-94D611D85952}"
EndProject
Project("{8BC9CEB8-8B4A-11D0-8D11-00A0C91BC942}") = "ZeroEngine", "ZeroEngine\ZeroEngine.vcxproj", "{1CE6CCB4-184B-4767-B459-F9D123DA855B}"
EndProject
Global
	GlobalSection(SolutionConfigurationPlatforms) = preSolution
		Debug|x64 = Debug|x64
		Release|x64 = Release|x64
	EndGlobalSection
	GlobalSection(ProjectConfigurationPlatforms) = postSolution
		{1CE6CCB4-184B-4767-B459-F9D123DA855B}.Debug|x64.ActiveCfg = Debug|x64
		{1CE6CCB4-184B-4767-B459-F9D123DA855B}.Debug|x64.Build.0 = Debug|x64
		{1CE6CCB4-184B-4767-B459-F9D123DA855B}.Release|x64.ActiveCfg = Release|x64
		{1CE6CCB4-184B-4767-B459-F9D123DA855B}.Release|x64.Build.0 = Release|x64
		{BC59E232-5F5F-4363-87BA-94D611D85952}.Debug|x64.ActiveCfg = Debug|x64
		{BC59E232-5F5F-4363-87BA-94D611D85952}.Debug|x64.Build.0 = Debug|x64
		{BC59E232-5F5F-4363-87BA-94D611D85952}.Release|x64.ActiveCfg = Release|x64
		{BC59E232-5F5F-4363-87BA-94D611D85952}.Release|x64.Build.0 = Release|x64
	EndGlobalSection
	GlobalSection(SolutionProperties) = preSolution
		HideSolutionNode = FALSE
	EndGlobalSection
	GlobalSection(ExtensibilityGlobals) = postSolution
		SolutionGuid = {6D8F16C3-795A-4D5F-866C-CE7131C1CC9D}
	EndGlobalSection
EndGlobal
